
Microsoft Visual Studio Solution File, Format Version 12.00
# Visual Studio Version 16
VisualStudioVersion = 16.0.30011.22
MinimumVisualStudioVersion = 10.0.40219.1
Project("{FAE04EC0-301F-11D3-BF4B-00C04F79EFBC}") = "SistemaEstudiantes", "SistemaEstudiantes\SistemaEstudiantes.csproj", "{4C212FD5-1C18-4521-B8FA-F2DFAACF8BA6}"
EndProject
Project("{FAE04EC0-301F-11D3-BF4B-00C04F79EFBC}") = "Datos", "Datos\Datos.csproj", "{697D35C1-97C2-40AB-B5ED-8E00AB5F70D3}"
EndProject
Project("{FAE04EC0-301F-11D3-BF4B-00C04F79EFBC}") = "Logica", "Logica\Logica.csproj", "{2799BABC-501F-44A2-ADA7-88A8D9100BB3}"
EndProject
Global
	GlobalSection(SolutionConfigurationPlatforms) = preSolution
		Debug|Any CPU = Debug|Any CPU
		Release|Any CPU = Release|Any CPU
	EndGlobalSection
	GlobalSection(ProjectConfigurationPlatforms) = postSolution
		{4C212FD5-1C18-4521-B8FA-F2DFAACF8BA6}.Debug|Any CPU.ActiveCfg = Debug|Any CPU
		{4C212FD5-1C18-4521-B8FA-F2DFAACF8BA6}.Debug|Any CPU.Build.0 = Debug|Any CPU
		{4C212FD5-1C18-4521-B8FA-F2DFAACF8BA6}.Release|Any CPU.ActiveCfg = Release|Any CPU
		{4C212FD5-1C18-4521-B8FA-F2DFAACF8BA6}.Release|Any CPU.Build.0 = Release|Any CPU
		{697D35C1-97C2-40AB-B5ED-8E00AB5F70D3}.Debug|Any CPU.ActiveCfg = Debug|Any CPU
		{697D35C1-97C2-40AB-B5ED-8E00AB5F70D3}.Debug|Any CPU.Build.0 = Debug|Any CPU
		{697D35C1-97C2-40AB-B5ED-8E00AB5F70D3}.Release|Any CPU.ActiveCfg = Release|Any CPU
		{697D35C1-97C2-40AB-B5ED-8E00AB5F70D3}.Release|Any CPU.Build.0 = Release|Any CPU
		{2799BABC-501F-44A2-ADA7-88A8D9100BB3}.Debug|Any CPU.ActiveCfg = Debug|Any CPU
		{2799BABC-501F-44A2-ADA7-88A8D9100BB3}.Debug|Any CPU.Build.0 = Debug|Any CPU
		{2799BABC-501F-44A2-ADA7-88A8D9100BB3}.Release|Any CPU.ActiveCfg = Release|Any CPU
		{2799BABC-501F-44A2-ADA7-88A8D9100BB3}.Release|Any CPU.Build.0 = Release|Any CPU
	EndGlobalSection
	GlobalSection(SolutionProperties) = preSolution
		HideSolutionNode = FALSE
	EndGlobalSection
	GlobalSection(ExtensibilityGlobals) = postSolution
		SolutionGuid = {559020E2-1227-4B15-95EF-589BE0F78760}
	EndGlobalSection
EndGlobal
